
Microsoft Visual Studio Solution File, Format Version 12.00
# Visual Studio Version 17
VisualStudioVersion = 17.5.33414.496
MinimumVisualStudioVersion = 10.0.40219.1
Project("{FAE04EC0-301F-11D3-BF4B-00C04F79EFBC}") = "extrusion-item-packed-report", "extrusion-item-packed-report.csproj", "{77B7DC24-1A8A-432B-96F5-CB77B383CAA2}"
EndProject
Global
	GlobalSection(SolutionConfigurationPlatforms) = preSolution
		Debug|Any CPU = Debug|Any CPU
		Release|Any CPU = Release|Any CPU
	EndGlobalSection
	GlobalSection(ProjectConfigurationPlatforms) = postSolution
		{77B7DC24-1A8A-432B-96F5-CB77B383CAA2}.Debug|Any CPU.ActiveCfg = Debug|Any CPU
		{77B7DC24-1A8A-432B-96F5-CB77B383CAA2}.Debug|Any CPU.Build.0 = Debug|Any CPU
		{77B7DC24-1A8A-432B-96F5-CB77B383CAA2}.Release|Any CPU.ActiveCfg = Release|Any CPU
		{77B7DC24-1A8A-432B-96F5-CB77B383CAA2}.Release|Any CPU.Build.0 = Release|Any CPU
	EndGlobalSection
	GlobalSection(SolutionProperties) = preSolution
		HideSolutionNode = FALSE
	EndGlobalSection
	GlobalSection(ExtensibilityGlobals) = postSolution
		SolutionGuid = {B486170E-61E1-4396-BF54-7995CD255C6F}
	EndGlobalSection
EndGlobal
